// !$*UTF8*$!
{
	archiveVersion = 1;
	classes = {
	};
	objectVersion = 50;
	objects = {

/* Begin PBXBuildFile section */
		59074F8424744F3D0058A48E /* AppDelegate.m in Sources */ = {isa = PBXBuildFile; fileRef = 59074F8324744F3D0058A48E /* AppDelegate.m */; };
		59074F8724744F3D0058A48E /* SceneDelegate.m in Sources */ = {isa = PBXBuildFile; fileRef = 59074F8624744F3D0058A48E /* SceneDelegate.m */; };
		59074F8A24744F3D0058A48E /* ViewController.m in Sources */ = {isa = PBXBuildFile; fileRef = 59074F8924744F3D0058A48E /* ViewController.m */; };
		59074F8D24744F3D0058A48E /* Main.storyboard in Resources */ = {isa = PBXBuildFile; fileRef = 59074F8B24744F3D0058A48E /* Main.storyboard */; };
		59074F8F24744F3E0058A48E /* Assets.xcassets in Resources */ = {isa = PBXBuildFile; fileRef = 59074F8E24744F3E0058A48E /* Assets.xcassets */; };
		59074F9224744F3E0058A48E /* LaunchScreen.storyboard in Resources */ = {isa = PBXBuildFile; fileRef = 59074F9024744F3E0058A48E /* LaunchScreen.storyboard */; };
		59074F9524744F3E0058A48E /* main.m in Sources */ = {isa = PBXBuildFile; fileRef = 59074F9424744F3E0058A48E /* main.m */; };
		59074F9F24744F3E0058A48E /* FoodTrackerTests.m in Sources */ = {isa = PBXBuildFile; fileRef = 59074F9E24744F3E0058A48E /* FoodTrackerTests.m */; };
/* End PBXBuildFile section */

/* Begin PBXContainerItemProxy section */
		59074F9B24744F3E0058A48E /* PBXContainerItemProxy */ = {
			isa = PBXContainerItemProxy;
			containerPortal = 59074F7724744F3D0058A48E /* Project object */;
			proxyType = 1;
			remoteGlobalIDString = 59074F7E24744F3D0058A48E;
			remoteInfo = FoodTracker;
		};
/* End PBXContainerItemProxy section */

/* Begin PBXFileReference section */
		59074F7F24744F3D0058A48E /* FoodTracker.app */ = {isa = PBXFileReference; explicitFileType = wrapper.application; includeInIndex = 0; path = FoodTracker.app; sourceTree = BUILT_PRODUCTS_DIR; };
		59074F8224744F3D0058A48E /* AppDelegate.h */ = {isa = PBXFileReference; lastKnownFileType = sourcecode.c.h; path = AppDelegate.h; sourceTree = "<group>"; };
		59074F8324744F3D0058A48E /* AppDelegate.m */ = {isa = PBXFileReference; lastKnownFileType = sourcecode.c.objc; path = AppDelegate.m; sourceTree = "<group>"; };
		59074F8524744F3D0058A48E /* SceneDelegate.h */ = {isa = PBXFileReference; lastKnownFileType = sourcecode.c.h; path = SceneDelegate.h; sourceTree = "<group>"; };
		59074F8624744F3D0058A48E /* SceneDelegate.m */ = {isa = PBXFileReference; lastKnownFileType = sourcecode.c.objc; path = SceneDelegate.m; sourceTree = "<group>"; };
		59074F8824744F3D0058A48E /* ViewController.h */ = {isa = PBXFileReference; lastKnownFileType = sourcecode.c.h; path = ViewController.h; sourceTree = "<group>"; };
		59074F8924744F3D0058A48E /* ViewController.m */ = {isa = PBXFileReference; lastKnownFileType = sourcecode.c.objc; path = ViewController.m; sourceTree = "<group>"; };
		59074F8C24744F3D0058A48E /* Base */ = {isa = PBXFileReference; lastKnownFileType = file.storyboard; name = Base; path = Base.lproj/Main.storyboard; sourceTree = "<group>"; };
		59074F8E24744F3E0058A48E /* Assets.xcassets */ = {isa = PBXFileReference; lastKnownFileType = folder.assetcatalog; path = Assets.xcassets; sourceTree = "<group>"; };
		59074F9124744F3E0058A48E /* Base */ = {isa = PBXFileReference; lastKnownFileType = file.storyboard; name = Base; path = Base.lproj/LaunchScreen.storyboard; sourceTree = "<group>"; };
		59074F9324744F3E0058A48E /* Info.plist */ = {isa = PBXFileReference; lastKnownFileType = text.plist.xml; path = Info.plist; sourceTree = "<group>"; };
		59074F9424744F3E0058A48E /* main.m */ = {isa = PBXFileReference; lastKnownFileType = sourcecode.c.objc; path = main.m; sourceTree = "<group>"; };
		59074F9A24744F3E0058A48E /* FoodTrackerTests.xctest */ = {isa = PBXFileReference; explicitFileType = wrapper.cfbundle; includeInIndex = 0; path = FoodTrackerTests.xctest; sourceTree = BUILT_PRODUCTS_DIR; };
		59074F9E24744F3E0058A48E /* FoodTrackerTests.m */ = {isa = PBXFileReference; lastKnownFileType = sourcecode.c.objc; path = FoodTrackerTests.m; sourceTree = "<group>"; };
		59074FA024744F3E0058A48E /* Info.plist */ = {isa = PBXFileReference; lastKnownFileType = text.plist.xml; path = Info.plist; sourceTree = "<group>"; };
/* End PBXFileReference section */

/* Begin PBXFrameworksBuildPhase section */
		59074F7C24744F3D0058A48E /* Frameworks */ = {
			isa = PBXFrameworksBuildPhase;
			buildActionMask = 2147483647;
			files = (
			);
			runOnlyForDeploymentPostprocessing = 0;
		};
		59074F9724744F3E0058A48E /* Frameworks */ = {
			isa = PBXFrameworksBuildPhase;
			buildActionMask = 2147483647;
			files = (
			);
			runOnlyForDeploymentPostprocessing = 0;
		};
/* End PBXFrameworksBuildPhase section */

/* Begin PBXGroup section */
		59074F7624744F3D0058A48E = {
			isa = PBXGroup;
			children = (
				59074F8124744F3D0058A48E /* FoodTracker */,
				59074F9D24744F3E0058A48E /* FoodTrackerTests */,
				59074F8024744F3D0058A48E /* Products */,
			);
			sourceTree = "<group>";
		};
		59074F8024744F3D0058A48E /* Products */ = {
			isa = PBXGroup;
			children = (
				59074F7F24744F3D0058A48E /* FoodTracker.app */,
				59074F9A24744F3E0058A48E /* FoodTrackerTests.xctest */,
			);
			name = Products;
			sourceTree = "<group>";
		};
		59074F8124744F3D0058A48E /* FoodTracker */ = {
			isa = PBXGroup;
			children = (
				59074F8224744F3D0058A48E /* AppDelegate.h */,
				59074F8324744F3D0058A48E /* AppDelegate.m */,
				59074F8524744F3D0058A48E /* SceneDelegate.h */,
				59074F8624744F3D0058A48E /* SceneDelegate.m */,
				59074F8824744F3D0058A48E /* ViewController.h */,
				59074F8924744F3D0058A48E /* ViewController.m */,
				59074F8B24744F3D0058A48E /* Main.storyboard */,
				59074F8E24744F3E0058A48E /* Assets.xcassets */,
				59074F9024744F3E0058A48E /* LaunchScreen.storyboard */,
				59074F9324744F3E0058A48E /* Info.plist */,
				59074F9424744F3E0058A48E /* main.m */,
			);
			path = FoodTracker;
			sourceTree = "<group>";
		};
		59074F9D24744F3E0058A48E /* FoodTrackerTests */ = {
			isa = PBXGroup;
			children = (
				59074F9E24744F3E0058A48E /* FoodTrackerTests.m */,
				59074FA024744F3E0058A48E /* Info.plist */,
			);
			path = FoodTrackerTests;
			sourceTree = "<group>";
		};
/* End PBXGroup section */

/* Begin PBXNativeTarget section */
		59074F7E24744F3D0058A48E /* FoodTracker */ = {
			isa = PBXNativeTarget;
			buildConfigurationList = 59074FA324744F3E0058A48E /* Build configuration list for PBXNativeTarget "FoodTracker" */;
			buildPhases = (
				59074F7B24744F3D0058A48E /* Sources */,
				59074F7C24744F3D0058A48E /* Frameworks */,
				59074F7D24744F3D0058A48E /* Resources */,
			);
			buildRules = (
			);
			dependencies = (
			);
			name = FoodTracker;
			productName = FoodTracker;
			productReference = 59074F7F24744F3D0058A48E /* FoodTracker.app */;
			productType = "com.apple.product-type.application";
		};
		59074F9924744F3E0058A48E /* FoodTrackerTests */ = {
			isa = PBXNativeTarget;
			buildConfigurationList = 59074FA624744F3E0058A48E /* Build configuration list for PBXNativeTarget "FoodTrackerTests" */;
			buildPhases = (
				59074F9624744F3E0058A48E /* Sources */,
				59074F9724744F3E0058A48E /* Frameworks */,
				59074F9824744F3E0058A48E /* Resources */,
			);
			buildRules = (
			);
			dependencies = (
				59074F9C24744F3E0058A48E /* PBXTargetDependency */,
			);
			name = FoodTrackerTests;
			productName = FoodTrackerTests;
			productReference = 59074F9A24744F3E0058A48E /* FoodTrackerTests.xctest */;
			productType = "com.apple.product-type.bundle.unit-test";
		};
/* End PBXNativeTarget section */

/* Begin PBXProject section */
		59074F7724744F3D0058A48E /* Project object */ = {
			isa = PBXProject;
			attributes = {
				LastUpgradeCheck = 1140;
				ORGANIZATIONNAME = iDarkDuck;
				TargetAttributes = {
					59074F7E24744F3D0058A48E = {
						CreatedOnToolsVersion = 11.4.1;
					};
					59074F9924744F3E0058A48E = {
						CreatedOnToolsVersion = 11.4.1;
						TestTargetID = 59074F7E24744F3D0058A48E;
					};
				};
			};
			buildConfigurationList = 59074F7A24744F3D0058A48E /* Build configuration list for PBXProject "FoodTracker" */;
			compatibilityVersion = "Xcode 9.3";
			developmentRegion = en;
			hasScannedForEncodings = 0;
			knownRegions = (
				en,
				Base,
			);
			mainGroup = 59074F7624744F3D0058A48E;
			productRefGroup = 59074F8024744F3D0058A48E /* Products */;
			projectDirPath = "";
			projectRoot = "";
			targets = (
				59074F7E24744F3D0058A48E /* FoodTracker */,
				59074F9924744F3E0058A48E /* FoodTrackerTests */,
			);
		};
/* End PBXProject section */

/* Begin PBXResourcesBuildPhase section */
		59074F7D24744F3D0058A48E /* Resources */ = {
			isa = PBXResourcesBuildPhase;
			buildActionMask = 2147483647;
			files = (
				59074F9224744F3E0058A48E /* LaunchScreen.storyboard in Resources */,
				59074F8F24744F3E0058A48E /* Assets.xcassets in Resources */,
				59074F8D24744F3D0058A48E /* Main.storyboard in Resources */,
			);
			runOnlyForDeploymentPostprocessing = 0;
		};
		59074F9824744F3E0058A48E /* Resources */ = {
			isa = PBXResourcesBuildPhase;
			buildActionMask = 2147483647;
			files = (
			);
			runOnlyForDeploymentPostprocessing = 0;
		};
/* End PBXResourcesBuildPhase section */

/* Begin PBXSourcesBuildPhase section */
		59074F7B24744F3D0058A48E /* Sources */ = {
			isa = PBXSourcesBuildPhase;
			buildActionMask = 2147483647;
			files = (
				59074F8A24744F3D0058A48E /* ViewController.m in Sources */,
				59074F8424744F3D0058A48E /* AppDelegate.m in Sources */,
				59074F9524744F3E0058A48E /* main.m in Sources */,
				59074F8724744F3D0058A48E /* SceneDelegate.m in Sources */,
			);
			runOnlyForDeploymentPostprocessing = 0;
		};
		59074F9624744F3E0058A48E /* Sources */ = {
			isa = PBXSourcesBuildPhase;
			buildActionMask = 2147483647;
			files = (
				59074F9F24744F3E0058A48E /* FoodTrackerTests.m in Sources */,
			);
			runOnlyForDeploymentPostprocessing = 0;
		};
/* End PBXSourcesBuildPhase section */

/* Begin PBXTargetDependency section */
		59074F9C24744F3E0058A48E /* PBXTargetDependency */ = {
			isa = PBXTargetDependency;
			target = 59074F7E24744F3D0058A48E /* FoodTracker */;
			targetProxy = 59074F9B24744F3E0058A48E /* PBXContainerItemProxy */;
		};
/* End PBXTargetDependency section */

/* Begin PBXVariantGroup section */
		59074F8B24744F3D0058A48E /* Main.storyboard */ = {
			isa = PBXVariantGroup;
			children = (
				59074F8C24744F3D0058A48E /* Base */,
			);
			name = Main.storyboard;
			sourceTree = "<group>";
		};
		59074F9024744F3E0058A48E /* LaunchScreen.storyboard */ = {
			isa = PBXVariantGroup;
			children = (
				59074F9124744F3E0058A48E /* Base */,
			);
			name = LaunchScreen.storyboard;
			sourceTree = "<group>";
		};
/* End PBXVariantGroup section */

/* Begin XCBuildConfiguration section */
		59074FA124744F3E0058A48E /* Debug */ = {
			isa = XCBuildConfiguration;
			buildSettings = {
				ALWAYS_SEARCH_USER_PATHS = NO;
				CLANG_ANALYZER_NONNULL = YES;
				CLANG_ANALYZER_NUMBER_OBJECT_CONVERSION = YES_AGGRESSIVE;
				CLANG_CXX_LANGUAGE_STANDARD = "gnu++14";
				CLANG_CXX_LIBRARY = "libc++";
				CLANG_ENABLE_MODULES = YES;
				CLANG_ENABLE_OBJC_ARC = YES;
				CLANG_ENABLE_OBJC_WEAK = YES;
				CLANG_WARN_BLOCK_CAPTURE_AUTORELEASING = YES;
				CLANG_WARN_BOOL_CONVERSION = YES;
				CLANG_WARN_COMMA = YES;
				CLANG_WARN_CONSTANT_CONVERSION = YES;
				CLANG_WARN_DEPRECATED_OBJC_IMPLEMENTATIONS = YES;
				CLANG_WARN_DIRECT_OBJC_ISA_USAGE = YES_ERROR;
				CLANG_WARN_DOCUMENTATION_COMMENTS = YES;
				CLANG_WARN_EMPTY_BODY = YES;
				CLANG_WARN_ENUM_CONVERSION = YES;
				CLANG_WARN_INFINITE_RECURSION = YES;
				CLANG_WARN_INT_CONVERSION = YES;
				CLANG_WARN_NON_LITERAL_NULL_CONVERSION = YES;
				CLANG_WARN_OBJC_IMPLICIT_RETAIN_SELF = YES;
				CLANG_WARN_OBJC_LITERAL_CONVERSION = YES;
				CLANG_WARN_OBJC_ROOT_CLASS = YES_ERROR;
				CLANG_WARN_RANGE_LOOP_ANALYSIS = YES;
				CLANG_WARN_STRICT_PROTOTYPES = YES;
				CLANG_WARN_SUSPICIOUS_MOVE = YES;
				CLANG_WARN_UNGUARDED_AVAILABILITY = YES_AGGRESSIVE;
				CLANG_WARN_UNREACHABLE_CODE = YES;
				CLANG_WARN__DUPLICATE_METHOD_MATCH = YES;
				COPY_PHASE_STRIP = NO;
				DEBUG_INFORMATION_FORMAT = dwarf;
				ENABLE_STRICT_OBJC_MSGSEND = YES;
				ENABLE_TESTABILITY = YES;
				GCC_C_LANGUAGE_STANDARD = gnu11;
				GCC_DYNAMIC_NO_PIC = NO;
				GCC_NO_COMMON_BLOCKS = YES;
				GCC_OPTIMIZATION_LEVEL = 0;
				GCC_PREPROCESSOR_DEFINITIONS = (
					"DEBUG=1",
					"$(inherited)",
				);
				GCC_WARN_64_TO_32_BIT_CONVERSION = YES;
				GCC_WARN_ABOUT_RETURN_TYPE = YES_ERROR;
				GCC_WARN_UNDECLARED_SELECTOR = YES;
				GCC_WARN_UNINITIALIZED_AUTOS = YES_AGGRESSIVE;
				GCC_WARN_UNUSED_FUNCTION = YES;
				GCC_WARN_UNUSED_VARIABLE = YES;
				IPHONEOS_DEPLOYMENT_TARGET = 13.4;
				MTL_ENABLE_DEBUG_INFO = INCLUDE_SOURCE;
				MTL_FAST_MATH = YES;
				ONLY_ACTIVE_ARCH = YES;
				SDKROOT = iphoneos;
			};
			name = Debug;
		};
		59074FA224744F3E0058A48E /* Release */ = {
			isa = XCBuildConfiguration;
			buildSettings = {
				ALWAYS_SEARCH_USER_PATHS = NO;
				CLANG_ANALYZER_NONNULL = YES;
				CLANG_ANALYZER_NUMBER_OBJECT_CONVERSION = YES_AGGRESSIVE;
				CLANG_CXX_LANGUAGE_STANDARD = "gnu++14";
				CLANG_CXX_LIBRARY = "libc++";
				CLANG_ENABLE_MODULES = YES;
				CLANG_ENABLE_OBJC_ARC = YES;
				CLANG_ENABLE_OBJC_WEAK = YES;
				CLANG_WARN_BLOCK_CAPTURE_AUTORELEASING = YES;
				CLANG_WARN_BOOL_CONVERSION = YES;
				CLANG_WARN_COMMA = YES;
				CLANG_WARN_CONSTANT_CONVERSION = YES;
				CLANG_WARN_DEPRECATED_OBJC_IMPLEMENTATIONS = YES;
				CLANG_WARN_DIRECT_OBJC_ISA_USAGE = YES_ERROR;
				CLANG_WARN_DOCUMENTATION_COMMENTS = YES;
				CLANG_WARN_EMPTY_BODY = YES;
				CLANG_WARN_ENUM_CONVERSION = YES;
				CLANG_WARN_INFINITE_RECURSION = YES;
				CLANG_WARN_INT_CONVERSION = YES;
				CLANG_WARN_NON_LITERAL_NULL_CONVERSION = YES;
				CLANG_WARN_OBJC_IMPLICIT_RETAIN_SELF = YES;
				CLANG_WARN_OBJC_LITERAL_CONVERSION = YES;
				CLANG_WARN_OBJC_ROOT_CLASS = YES_ERROR;
				CLANG_WARN_RANGE_LOOP_ANALYSIS = YES;
				CLANG_WARN_STRICT_PROTOTYPES = YES;
				CLANG_WARN_SUSPICIOUS_MOVE = YES;
				CLANG_WARN_UNGUARDED_AVAILABILITY = YES_AGGRESSIVE;
				CLANG_WARN_UNREACHABLE_CODE = YES;
				CLANG_WARN__DUPLICATE_METHOD_MATCH = YES;
				COPY_PHASE_STRIP = NO;
				DEBUG_INFORMATION_FORMAT = "dwarf-with-dsym";
				ENABLE_NS_ASSERTIONS = NO;
				ENABLE_STRICT_OBJC_MSGSEND = YES;
				GCC_C_LANGUAGE_STANDARD = gnu11;
				GCC_NO_COMMON_BLOCKS = YES;
				GCC_WARN_64_TO_32_BIT_CONVERSION = YES;
				GCC_WARN_ABOUT_RETURN_TYPE = YES_ERROR;
				GCC_WARN_UNDECLARED_SELECTOR = YES;
				GCC_WARN_UNINITIALIZED_AUTOS = YES_AGGRESSIVE;
				GCC_WARN_UNUSED_FUNCTION = YES;
				GCC_WARN_UNUSED_VARIABLE = YES;
				IPHONEOS_DEPLOYMENT_TARGET = 13.4;
				MTL_ENABLE_DEBUG_INFO = NO;
				MTL_FAST_MATH = YES;
				SDKROOT = iphoneos;
				VALIDATE_PRODUCT = YES;
			};
			name = Release;
		};
		59074FA424744F3E0058A48E /* Debug */ = {
			isa = XCBuildConfiguration;
			buildSettings = {
				ASSETCATALOG_COMPILER_APPICON_NAME = AppIcon;
				CODE_SIGN_STYLE = Automatic;
				DEVELOPMENT_TEAM = C66WPHYLGP;
				INFOPLIST_FILE = FoodTracker/Info.plist;
				LD_RUNPATH_SEARCH_PATHS = (
					"$(inherited)",
					"@executable_path/Frameworks",
				);
				PRODUCT_BUNDLE_IDENTIFIER = iDarkDuck.FoodTracker;
				PRODUCT_NAME = "$(TARGET_NAME)";
				TARGETED_DEVICE_FAMILY = "1,2";
			};
			name = Debug;
		};
		59074FA524744F3E0058A48E /* Release */ = {
			isa = XCBuildConfiguration;
			buildSettings = {
				ASSETCATALOG_COMPILER_APPICON_NAME = AppIcon;
				CODE_SIGN_STYLE = Automatic;
				DEVELOPMENT_TEAM = C66WPHYLGP;
				INFOPLIST_FILE = FoodTracker/Info.plist;
				LD_RUNPATH_SEARCH_PATHS = (
					"$(inherited)",
					"@executable_path/Frameworks",
				);
				PRODUCT_BUNDLE_IDENTIFIER = iDarkDuck.FoodTracker;
				PRODUCT_NAME = "$(TARGET_NAME)";
				TARGETED_DEVICE_FAMILY = "1,2";
			};
			name = Release;
		};
		59074FA724744F3E0058A48E /* Debug */ = {
			isa = XCBuildConfiguration;
			buildSettings = {
				BUNDLE_LOADER = "$(TEST_HOST)";
				CODE_SIGN_STYLE = Automatic;
				DEVELOPMENT_TEAM = C66WPHYLGP;
				INFOPLIST_FILE = FoodTrackerTests/Info.plist;
				IPHONEOS_DEPLOYMENT_TARGET = 13.4;
				LD_RUNPATH_SEARCH_PATHS = (
					"$(inherited)",
					"@executable_path/Frameworks",
					"@loader_path/Frameworks",
				);
				PRODUCT_BUNDLE_IDENTIFIER = iDarkDuck.FoodTrackerTests;
				PRODUCT_NAME = "$(TARGET_NAME)";
				TARGETED_DEVICE_FAMILY = "1,2";
				TEST_HOST = "$(BUILT_PRODUCTS_DIR)/FoodTracker.app/FoodTracker";
			};
			name = Debug;
		};
		59074FA824744F3E0058A48E /* Release */ = {
			isa = XCBuildConfiguration;
			buildSettings = {
				BUNDLE_LOADER = "$(TEST_HOST)";
				CODE_SIGN_STYLE = Automatic;
				DEVELOPMENT_TEAM = C66WPHYLGP;
				INFOPLIST_FILE = FoodTrackerTests/Info.plist;
				IPHONEOS_DEPLOYMENT_TARGET = 13.4;
				LD_RUNPATH_SEARCH_PATHS = (
					"$(inherited)",
					"@executable_path/Frameworks",
					"@loader_path/Frameworks",
				);
				PRODUCT_BUNDLE_IDENTIFIER = iDarkDuck.FoodTrackerTests;
				PRODUCT_NAME = "$(TARGET_NAME)";
				TARGETED_DEVICE_FAMILY = "1,2";
				TEST_HOST = "$(BUILT_PRODUCTS_DIR)/FoodTracker.app/FoodTracker";
			};
			name = Release;
		};
/* End XCBuildConfiguration section */

/* Begin XCConfigurationList section */
		59074F7A24744F3D0058A48E /* Build configuration list for PBXProject "FoodTracker" */ = {
			isa = XCConfigurationList;
			buildConfigurations = (
				59074FA124744F3E0058A48E /* Debug */,
				59074FA224744F3E0058A48E /* Release */,
			);
			defaultConfigurationIsVisible = 0;
			defaultConfigurationName = Release;
		};
		59074FA324744F3E0058A48E /* Build configuration list for PBXNativeTarget "FoodTracker" */ = {
			isa = XCConfigurationList;
			buildConfigurations = (
				59074FA424744F3E0058A48E /* Debug */,
				59074FA524744F3E0058A48E /* Release */,
			);
			defaultConfigurationIsVisible = 0;
			defaultConfigurationName = Release;
		};
		59074FA624744F3E0058A48E /* Build configuration list for PBXNativeTarget "FoodTrackerTests" */ = {
			isa = XCConfigurationList;
			buildConfigurations = (
				59074FA724744F3E0058A48E /* Debug */,
				59074FA824744F3E0058A48E /* Release */,
			);
			defaultConfigurationIsVisible = 0;
			defaultConfigurationName = Release;
		};
/* End XCConfigurationList section */
	};
	rootObject = 59074F7724744F3D0058A48E /* Project object */;
}
